{
 "graph_lock": {
  "nodes": {
   "0": {
    "ref": "LoggerHw/1.1",
    "options": "shared=False\ngtest:build_gmock=True\ngtest:fPIC=True\ngtest:hide_symbols=False\ngtest:no_main=False\ngtest:shared=False",
    "requires": [
     "1"
    ],
    "path": "conanfile.py",
    "context": "host"
   },
   "1": {
    "ref": "gtest/cci.20210126",
    "options": "build_gmock=True\nfPIC=True\nhide_symbols=False\nno_main=False\nshared=False",
    "package_id": "473fac5a451159bef91e2252b31a075ead43201f",
    "prev": "0",
    "context": "host"
   }
  },
  "revisions_enabled": false
 },
 "version": "0.4",
 "profile_host": "[settings]\narch=x86_64\narch_build=x86_64\nbuild_type=Release\ncompiler=gcc\ncompiler.libcxx=libstdc++\ncompiler.version=11\nos=Linux\nos_build=Linux\n[options]\n[build_requires]\n[env]\n"
}